
Microsoft Visual Studio Solution File, Format Version 12.00
# Visual Studio Version 17
VisualStudioVersion = 17.7.34221.43
MinimumVisualStudioVersion = 10.0.40219.1
Project("{9A19103F-16F7-4668-BE54-9A1E7A4F7556}") = "E-Trade", "E-Trade\E-Trade.csproj", "{B70FF1C2-8C0E-4625-9618-A1393B221A77}"
EndProject
Project("{FAE04EC0-301F-11D3-BF4B-00C04F79EFBC}") = "DataAccess", "DataAccess\DataAccess.csproj", "{C9A374F6-2B13-42E7-8AE3-0DC125F92D44}"
EndProject
Project("{FAE04EC0-301F-11D3-BF4B-00C04F79EFBC}") = "Business", "Business\Business.csproj", "{19E68F22-9459-444F-967D-F555E4496A9F}"
EndProject
Global
	GlobalSection(SolutionConfigurationPlatforms) = preSolution
		Debug|Any CPU = Debug|Any CPU
		Release|Any CPU = Release|Any CPU
	EndGlobalSection
	GlobalSection(ProjectConfigurationPlatforms) = postSolution
		{B70FF1C2-8C0E-4625-9618-A1393B221A77}.Debug|Any CPU.ActiveCfg = Debug|Any CPU
		{B70FF1C2-8C0E-4625-9618-A1393B221A77}.Debug|Any CPU.Build.0 = Debug|Any CPU
		{B70FF1C2-8C0E-4625-9618-A1393B221A77}.Release|Any CPU.ActiveCfg = Release|Any CPU
		{B70FF1C2-8C0E-4625-9618-A1393B221A77}.Release|Any CPU.Build.0 = Release|Any CPU
		{C9A374F6-2B13-42E7-8AE3-0DC125F92D44}.Debug|Any CPU.ActiveCfg = Debug|Any CPU
		{C9A374F6-2B13-42E7-8AE3-0DC125F92D44}.Debug|Any CPU.Build.0 = Debug|Any CPU
		{C9A374F6-2B13-42E7-8AE3-0DC125F92D44}.Release|Any CPU.ActiveCfg = Release|Any CPU
		{C9A374F6-2B13-42E7-8AE3-0DC125F92D44}.Release|Any CPU.Build.0 = Release|Any CPU
		{19E68F22-9459-444F-967D-F555E4496A9F}.Debug|Any CPU.ActiveCfg = Debug|Any CPU
		{19E68F22-9459-444F-967D-F555E4496A9F}.Debug|Any CPU.Build.0 = Debug|Any CPU
		{19E68F22-9459-444F-967D-F555E4496A9F}.Release|Any CPU.ActiveCfg = Release|Any CPU
		{19E68F22-9459-444F-967D-F555E4496A9F}.Release|Any CPU.Build.0 = Release|Any CPU
	EndGlobalSection
	GlobalSection(SolutionProperties) = preSolution
		HideSolutionNode = FALSE
	EndGlobalSection
	GlobalSection(ExtensibilityGlobals) = postSolution
		SolutionGuid = {10DAD2B1-1921-4FD3-8BA9-C54CAC0D3391}
	EndGlobalSection
EndGlobal
